
Microsoft Visual Studio Solution File, Format Version 12.00
# Visual Studio Version 17
VisualStudioVersion = 17.12.35527.113
MinimumVisualStudioVersion = 10.0.40219.1
Project("{FAE04EC0-301F-11D3-BF4B-00C04F79EFBC}") = "VNWalks.API", "VNWalks.API\VNWalks.API.csproj", "{3FFD5BEA-3973-4E53-8699-27F769576800}"
EndProject
Project("{FAE04EC0-301F-11D3-BF4B-00C04F79EFBC}") = "JWTTokenGenerator", "JWTTokenGenerator\JWTTokenGenerator.csproj", "{22CD6425-94C7-4F92-9B16-C8E27C826D4E}"
EndProject
Global
	GlobalSection(SolutionConfigurationPlatforms) = preSolution
		Debug|Any CPU = Debug|Any CPU
		Release|Any CPU = Release|Any CPU
	EndGlobalSection
	GlobalSection(ProjectConfigurationPlatforms) = postSolution
		{3FFD5BEA-3973-4E53-8699-27F769576800}.Debug|Any CPU.ActiveCfg = Debug|Any CPU
		{3FFD5BEA-3973-4E53-8699-27F769576800}.Debug|Any CPU.Build.0 = Debug|Any CPU
		{3FFD5BEA-3973-4E53-8699-27F769576800}.Release|Any CPU.ActiveCfg = Release|Any CPU
		{3FFD5BEA-3973-4E53-8699-27F769576800}.Release|Any CPU.Build.0 = Release|Any CPU
		{22CD6425-94C7-4F92-9B16-C8E27C826D4E}.Debug|Any CPU.ActiveCfg = Debug|Any CPU
		{22CD6425-94C7-4F92-9B16-C8E27C826D4E}.Debug|Any CPU.Build.0 = Debug|Any CPU
		{22CD6425-94C7-4F92-9B16-C8E27C826D4E}.Release|Any CPU.ActiveCfg = Release|Any CPU
		{22CD6425-94C7-4F92-9B16-C8E27C826D4E}.Release|Any CPU.Build.0 = Release|Any CPU
	EndGlobalSection
	GlobalSection(SolutionProperties) = preSolution
		HideSolutionNode = FALSE
	EndGlobalSection
EndGlobal
